
Microsoft Visual Studio Solution File, Format Version 12.00
# Visual Studio 15
VisualStudioVersion = 15.0.27130.2026
MinimumVisualStudioVersion = 10.0.40219.1
Project("{FAE04EC0-301F-11D3-BF4B-00C04F79EFBC}") = "HetsWare", "HetsWare\HetsWare.csproj", "{FE4A7982-F6A1-40DD-B49C-3234F34488F3}"
EndProject
Global
	GlobalSection(SolutionConfigurationPlatforms) = preSolution
		Debug|Any CPU = Debug|Any CPU
		Release|Any CPU = Release|Any CPU
	EndGlobalSection
	GlobalSection(ProjectConfigurationPlatforms) = postSolution
		{FE4A7982-F6A1-40DD-B49C-3234F34488F3}.Debug|Any CPU.ActiveCfg = Debug|Any CPU
		{FE4A7982-F6A1-40DD-B49C-3234F34488F3}.Debug|Any CPU.Build.0 = Debug|Any CPU
		{FE4A7982-F6A1-40DD-B49C-3234F34488F3}.Release|Any CPU.ActiveCfg = Release|Any CPU
		{FE4A7982-F6A1-40DD-B49C-3234F34488F3}.Release|Any CPU.Build.0 = Release|Any CPU
	EndGlobalSection
	GlobalSection(SolutionProperties) = preSolution
		HideSolutionNode = FALSE
	EndGlobalSection
	GlobalSection(ExtensibilityGlobals) = postSolution
		SolutionGuid = {54F22558-F7AA-4907-A57F-9F749D57B115}
	EndGlobalSection
EndGlobal
